version = 1
revision = 3
requires-python = ">=3.14"

[manifest]
requirements = [{ name = "pyarrow", specifier = ">=24.0.0" }]

[[package]]
name = "pyarrow"
version = "24.0.0"
source = { registry = "https://pypi.org/simple" }
sdist = { url = "https://files.pythonhosted.org/packages/91/13/13e1069b351bdc3881266e11147ffccf687505dbb0ea74036237f5d454a5/pyarrow-24.0.0.tar.gz", hash = "sha256:85fe721a14dd823aca09127acbb06c3ca723efbd436c004f16bca601b04dcc83", size = 1180261, upload-time = "2026-04-21T10:51:25.837Z" }
wheels = [
    { url = "https://files.pythonhosted.org/packages/ad/80/d022a34ff05d2cbedd8ccf841fc1f532ecfa9eb5ed1711b56d0e0ea71fc9/pyarrow-24.0.0-cp314-cp314-macosx_12_0_arm64.whl", hash = "sha256:1cc9057f0319e26333b357e17f3c2c022f1a83739b48a88b25bfd5fa2dc18838", size = 35007997, upload-time = "2026-04-21T10:49:48.796Z" },
    { url = "https://files.pythonhosted.org/packages/1a/ff/f01485fda6f4e5d441afb8dd5e7681e4db18826c1e271852f5d3957d6a80/pyarrow-24.0.0-cp314-cp314-macosx_12_0_x86_64.whl", hash = "sha256:e6f1278ee4785b6db21229374a1c9e54ec7c549de5d1efc9630b6207de7e170b", size = 36678720, upload-time = "2026-04-21T10:49:55.858Z" },
    { url = "https://files.pythonhosted.org/packages/9e/c2/2d2d5fea814237923f71b36495211f20b43a1576f9a4d6da7e751a64ec6f/pyarrow-24.0.0-cp314-cp314-manylinux_2_28_aarch64.whl", hash = "sha256:adbbedc55506cbdabb830890444fb856bfb0060c46c6f8026c6c2f2cf86ae795", size = 45741852, upload-time = "2026-04-21T10:50:04.624Z" },
    { url = "https://files.pythonhosted.org/packages/8e/3a/28ba9c1c1ebdbb5f1b94dfebb46f207e52e6a554b7fe4132540fde29a3a0/pyarrow-24.0.0-cp314-cp314-manylinux_2_28_x86_64.whl", hash = "sha256:ae8a1145af31d903fa9bb166824d7abe9b4681a000b0159c9fb99c11bc11ad26", size = 48889852, upload-time = "2026-04-21T10:50:12.293Z" },
    { url = "https://files.pythonhosted.org/packages/df/51/4a389acfd31dca009f8fb82d7f510bb4130f2b3a8e18cf00194d0687d8ac/pyarrow-24.0.0-cp314-cp314-musllinux_1_2_aarch64.whl", hash = "sha256:d7027eba1df3b2069e2e8d80f644fa0918b68c46432af3d088ddd390d063ecde", size = 49445207, upload-time = "2026-04-21T10:50:20.677Z" },
    { url = "https://files.pythonhosted.org/packages/19/4b/0bab2b23d2ae901b1b9a03c0efd4b2d070256f8ce3fc43f6e58c167b2081/pyarrow-24.0.0-cp314-cp314-musllinux_1_2_x86_64.whl", hash = "sha256:e56a1ffe9bf7b727432b89104cc0849c21582949dd7bdcb34f17b2001a351a76", size = 51954117, upload-time = "2026-04-21T10:50:29.14Z" },
    { url = "https://files.pythonhosted.org/packages/29/88/f4e9145da0417b3d2c12035a8492b35ff4a3dbc653e614fcfb51d9dedb38/pyarrow-24.0.0-cp314-cp314-win_amd64.whl", hash = "sha256:38be1808cdd068605b787e6ca9119b27eb275a0234e50212c3492331680c3b1e", size = 28001155, upload-time = "2026-04-21T10:51:22.337Z" },
    { url = "https://files.pythonhosted.org/packages/79/4f/46a49a63f43526da895b1a45bbb51d5baf8e4d77159f8528fc3e5490007f/pyarrow-24.0.0-cp314-cp314t-macosx_12_0_arm64.whl", hash = "sha256:418e48ce50a45a6a6c73c454677203a9c75c966cb1e92ca3370959185f197a05", size = 35250387, upload-time = "2026-04-21T10:50:35.552Z" },
    { url = "https://files.pythonhosted.org/packages/a0/da/d5e0cd5ef00796922404806d5f00325cdadc3441ce2c13fe7115f2df9a64/pyarrow-24.0.0-cp314-cp314t-macosx_12_0_x86_64.whl", hash = "sha256:2f16197705a230a78270cdd4ea8a1d57e86b2fdcbc34a1f6aebc72e65c986f9a", size = 36797102, upload-time = "2026-04-21T10:50:42.417Z" },
    { url = "https://files.pythonhosted.org/packages/34/c7/5904145b0a593a05236c882933d439b5720f0a145381179063722fbfc123/pyarrow-24.0.0-cp314-cp314t-manylinux_2_28_aarch64.whl", hash = "sha256:fb24ac194bfc5e86839d7dcd52092ee31e5fe6733fe11f5e3b06ef0812b20072", size = 45745118, upload-time = "2026-04-21T10:50:49.324Z" },
    { url = "https://files.pythonhosted.org/packages/13/d3/cca42fe166d1c6e4d5b80e530b7949104d10e17508a90ae202dac205ce2a/pyarrow-24.0.0-cp314-cp314t-manylinux_2_28_x86_64.whl", hash = "sha256:9700ebd9a51f5895ce75ff4ac4b3c47a7d4b42bc618be8e713e5d56bacf5f931", size = 48844765, upload-time = "2026-04-21T10:50:55.579Z" },
    { url = "https://files.pythonhosted.org/packages/b0/49/942c3b79878ba928324d1e17c274ed84581db8c0a749b24bcf4cbdf15bd3/pyarrow-24.0.0-cp314-cp314t-musllinux_1_2_aarch64.whl", hash = "sha256:d8ddd2768da81d3ee08cfea9b597f4abb4e8e1dc8ae7e204b608d23a0d3ab699", size = 49471890, upload-time = "2026-04-21T10:51:02.439Z" },
    { url = "https://files.pythonhosted.org/packages/76/97/ff71431000a75d84135a1ace5ca4ba11726a231a8007bbb320a4c54075d5/pyarrow-24.0.0-cp314-cp314t-musllinux_1_2_x86_64.whl", hash = "sha256:61a3d7eaa97a14768b542f3d284dc6400dd2470d9f080708b13cd46b6ae18136", size = 51932250, upload-time = "2026-04-21T10:51:10.576Z" },
    { url = "https://files.pythonhosted.org/packages/51/be/6f79d55816d5c22557cf27533543d5d70dfe692adfbee4b99f2760674f38/pyarrow-24.0.0-cp314-cp314t-win_amd64.whl", hash = "sha256:c91d00057f23b8d353039520dc3a6c09d8608164c692e9f59a175a42b2ae0c19", size = 28131282, upload-time = "2026-04-21T10:51:16.815Z" },
]
